
Microsoft Visual Studio Solution File, Format Version 12.00
# Visual Studio Version 16
VisualStudioVersion = 16.0.32002.261
MinimumVisualStudioVersion = 10.0.40219.1
Project("{9092AA53-FB77-4645-B42D-1CCCA6BD08BD}") = "sif-frontend", "sif-frontend.njsproj", "{B9F236D4-82C6-4027-B16B-BCF45C77187B}"
EndProject
Global
	GlobalSection(SolutionConfigurationPlatforms) = preSolution
		Debug|Any CPU = Debug|Any CPU
		Release|Any CPU = Release|Any CPU
	EndGlobalSection
	GlobalSection(ProjectConfigurationPlatforms) = postSolution
		{B9F236D4-82C6-4027-B16B-BCF45C77187B}.Debug|Any CPU.ActiveCfg = Debug|Any CPU
		{B9F236D4-82C6-4027-B16B-BCF45C77187B}.Debug|Any CPU.Build.0 = Debug|Any CPU
		{B9F236D4-82C6-4027-B16B-BCF45C77187B}.Release|Any CPU.ActiveCfg = Release|Any CPU
		{B9F236D4-82C6-4027-B16B-BCF45C77187B}.Release|Any CPU.Build.0 = Release|Any CPU
	EndGlobalSection
	GlobalSection(SolutionProperties) = preSolution
		HideSolutionNode = FALSE
	EndGlobalSection
	GlobalSection(ExtensibilityGlobals) = postSolution
		SolutionGuid = {4237FEF5-F3BE-4165-9378-C2D05C06DC7E}
	EndGlobalSection
EndGlobal
